
Microsoft Visual Studio Solution File, Format Version 12.00
# Visual Studio Version 17
VisualStudioVersion = 17.11.35222.181
MinimumVisualStudioVersion = 10.0.40219.1
Project("{FAE04EC0-301F-11D3-BF4B-00C04F79EFBC}") = "ust2exo", "ust2exo\ust2exo.csproj", "{C312430F-C1CA-4333-A913-28149371507E}"
EndProject
Global
	GlobalSection(SolutionConfigurationPlatforms) = preSolution
		Debug|Any CPU = Debug|Any CPU
		Release|Any CPU = Release|Any CPU
	EndGlobalSection
	GlobalSection(ProjectConfigurationPlatforms) = postSolution
		{C312430F-C1CA-4333-A913-28149371507E}.Debug|Any CPU.ActiveCfg = Debug|Any CPU
		{C312430F-C1CA-4333-A913-28149371507E}.Debug|Any CPU.Build.0 = Debug|Any CPU
		{C312430F-C1CA-4333-A913-28149371507E}.Release|Any CPU.ActiveCfg = Release|Any CPU
		{C312430F-C1CA-4333-A913-28149371507E}.Release|Any CPU.Build.0 = Release|Any CPU
	EndGlobalSection
	GlobalSection(SolutionProperties) = preSolution
		HideSolutionNode = FALSE
	EndGlobalSection
	GlobalSection(ExtensibilityGlobals) = postSolution
		SolutionGuid = {B78B4DD4-B236-4282-84B8-AA7EB3924971}
	EndGlobalSection
EndGlobal
